
Microsoft Visual Studio Solution File, Format Version 12.00
# Visual Studio Version 16
VisualStudioVersion = 16.0.30011.22
MinimumVisualStudioVersion = 10.0.40219.1
Project("{2150E333-8FDC-42A3-9474-1A3956D46DE8}") = "Application", "Application", "{4D2E2622-A030-493F-B81E-ED1874E4BFEA}"
EndProject
Project("{2150E333-8FDC-42A3-9474-1A3956D46DE8}") = "Domain", "Domain", "{810D78FF-A033-4356-A56B-47C42F7DEAFA}"
EndProject
Project("{2150E333-8FDC-42A3-9474-1A3956D46DE8}") = "Persistence", "Persistence", "{1ABA962B-7D9A-402A-AFB5-C00BA92BD38B}"
EndProject
Project("{2150E333-8FDC-42A3-9474-1A3956D46DE8}") = "Infrastructure", "Infrastructure", "{095F5ED5-C77B-4B24-A0ED-08F9BBE10A5B}"
EndProject
Project("{9A19103F-16F7-4668-BE54-9A1E7A4F7556}") = "CA.Domain", "CA.Domain\CA.Domain.csproj", "{91E35AA3-34D5-4145-8436-D2C27E976F6C}"
EndProject
Project("{9A19103F-16F7-4668-BE54-9A1E7A4F7556}") = "CA.Application", "CA.Application\CA.Application.csproj", "{51F70031-ACA5-4716-8882-0E2BDE93CC64}"
EndProject
Project("{2150E333-8FDC-42A3-9474-1A3956D46DE8}") = "Web", "Web", "{D3BD3C38-408E-4617-AE93-5E4E71654B7B}"
EndProject
Project("{9A19103F-16F7-4668-BE54-9A1E7A4F7556}") = "CA.Web", "CA.Web\CA.Web.csproj", "{041FB0E3-8BA0-4956-9917-1FCA4A3DC79B}"
EndProject
Project("{9A19103F-16F7-4668-BE54-9A1E7A4F7556}") = "CA.Persistence", "CA.Persistence\CA.Persistence.csproj", "{7168CCC7-4D3B-42E1-A2F1-550D9BAB5B6F}"
EndProject
Project("{9A19103F-16F7-4668-BE54-9A1E7A4F7556}") = "CA.Infrastructure", "CA.Infrastructure\CA.Infrastructure.csproj", "{BD527D92-4CEB-42C2-B145-8BAC5146B991}"
EndProject
Project("{FAE04EC0-301F-11D3-BF4B-00C04F79EFBC}") = "CA.Console", "CA.Console\CA.Console.csproj", "{2EE123BE-FBC5-42FD-8F6B-DDD95CA43CD0}"
EndProject
Project("{2150E333-8FDC-42A3-9474-1A3956D46DE8}") = "Console", "Console", "{DDAC72F7-3285-4936-9C72-AC30122B3569}"
EndProject
Global
	GlobalSection(SolutionConfigurationPlatforms) = preSolution
		Debug|Any CPU = Debug|Any CPU
		Release|Any CPU = Release|Any CPU
	EndGlobalSection
	GlobalSection(ProjectConfigurationPlatforms) = postSolution
		{91E35AA3-34D5-4145-8436-D2C27E976F6C}.Debug|Any CPU.ActiveCfg = Debug|Any CPU
		{91E35AA3-34D5-4145-8436-D2C27E976F6C}.Debug|Any CPU.Build.0 = Debug|Any CPU
		{91E35AA3-34D5-4145-8436-D2C27E976F6C}.Release|Any CPU.ActiveCfg = Release|Any CPU
		{91E35AA3-34D5-4145-8436-D2C27E976F6C}.Release|Any CPU.Build.0 = Release|Any CPU
		{51F70031-ACA5-4716-8882-0E2BDE93CC64}.Debug|Any CPU.ActiveCfg = Debug|Any CPU
		{51F70031-ACA5-4716-8882-0E2BDE93CC64}.Debug|Any CPU.Build.0 = Debug|Any CPU
		{51F70031-ACA5-4716-8882-0E2BDE93CC64}.Release|Any CPU.ActiveCfg = Release|Any CPU
		{51F70031-ACA5-4716-8882-0E2BDE93CC64}.Release|Any CPU.Build.0 = Release|Any CPU
		{041FB0E3-8BA0-4956-9917-1FCA4A3DC79B}.Debug|Any CPU.ActiveCfg = Debug|Any CPU
		{041FB0E3-8BA0-4956-9917-1FCA4A3DC79B}.Debug|Any CPU.Build.0 = Debug|Any CPU
		{041FB0E3-8BA0-4956-9917-1FCA4A3DC79B}.Release|Any CPU.ActiveCfg = Release|Any CPU
		{041FB0E3-8BA0-4956-9917-1FCA4A3DC79B}.Release|Any CPU.Build.0 = Release|Any CPU
		{7168CCC7-4D3B-42E1-A2F1-550D9BAB5B6F}.Debug|Any CPU.ActiveCfg = Debug|Any CPU
		{7168CCC7-4D3B-42E1-A2F1-550D9BAB5B6F}.Debug|Any CPU.Build.0 = Debug|Any CPU
		{7168CCC7-4D3B-42E1-A2F1-550D9BAB5B6F}.Release|Any CPU.ActiveCfg = Release|Any CPU
		{7168CCC7-4D3B-42E1-A2F1-550D9BAB5B6F}.Release|Any CPU.Build.0 = Release|Any CPU
		{BD527D92-4CEB-42C2-B145-8BAC5146B991}.Debug|Any CPU.ActiveCfg = Debug|Any CPU
		{BD527D92-4CEB-42C2-B145-8BAC5146B991}.Debug|Any CPU.Build.0 = Debug|Any CPU
		{BD527D92-4CEB-42C2-B145-8BAC5146B991}.Release|Any CPU.ActiveCfg = Release|Any CPU
		{BD527D92-4CEB-42C2-B145-8BAC5146B991}.Release|Any CPU.Build.0 = Release|Any CPU
		{2EE123BE-FBC5-42FD-8F6B-DDD95CA43CD0}.Debug|Any CPU.ActiveCfg = Debug|Any CPU
		{2EE123BE-FBC5-42FD-8F6B-DDD95CA43CD0}.Debug|Any CPU.Build.0 = Debug|Any CPU
		{2EE123BE-FBC5-42FD-8F6B-DDD95CA43CD0}.Release|Any CPU.ActiveCfg = Release|Any CPU
		{2EE123BE-FBC5-42FD-8F6B-DDD95CA43CD0}.Release|Any CPU.Build.0 = Release|Any CPU
	EndGlobalSection
	GlobalSection(SolutionProperties) = preSolution
		HideSolutionNode = FALSE
	EndGlobalSection
	GlobalSection(NestedProjects) = preSolution
		{91E35AA3-34D5-4145-8436-D2C27E976F6C} = {810D78FF-A033-4356-A56B-47C42F7DEAFA}
		{51F70031-ACA5-4716-8882-0E2BDE93CC64} = {4D2E2622-A030-493F-B81E-ED1874E4BFEA}
		{041FB0E3-8BA0-4956-9917-1FCA4A3DC79B} = {D3BD3C38-408E-4617-AE93-5E4E71654B7B}
		{7168CCC7-4D3B-42E1-A2F1-550D9BAB5B6F} = {1ABA962B-7D9A-402A-AFB5-C00BA92BD38B}
		{BD527D92-4CEB-42C2-B145-8BAC5146B991} = {095F5ED5-C77B-4B24-A0ED-08F9BBE10A5B}
		{2EE123BE-FBC5-42FD-8F6B-DDD95CA43CD0} = {DDAC72F7-3285-4936-9C72-AC30122B3569}
	EndGlobalSection
	GlobalSection(ExtensibilityGlobals) = postSolution
		SolutionGuid = {8192948A-1D4C-4304-B854-0C6F17313AA3}
	EndGlobalSection
EndGlobal
